
Microsoft Visual Studio Solution File, Format Version 12.00
# Visual Studio Version 16
VisualStudioVersion = 16.0.28917.181
MinimumVisualStudioVersion = 10.0.40219.1
Project("{2150E333-8FDC-42A3-9474-1A3956D46DE8}") = "Plugins", "Plugins", "{F1D95C30-A4D8-4078-AAB1-9EC6AE65F68B}"
EndProject
Project("{2150E333-8FDC-42A3-9474-1A3956D46DE8}") = "Helper", "Helper", "{0343C56F-6BB8-4F76-8E63-C5CCAF1C8DF8}"
EndProject
Project("{9A19103F-16F7-4668-BE54-9A1E7A4F7556}") = "DataGuardian.GoogleDrive", "DataGuardian.GoogleDrive\DataGuardian.GoogleDrive.csproj", "{D2DA3EA8-33DA-4F95-AACF-79F65320ED9F}"
EndProject
Project("{2150E333-8FDC-42A3-9474-1A3956D46DE8}") = "Server", "Server", "{89B63B40-A459-4032-8776-598F7E411A95}"
EndProject
Project("{9A19103F-16F7-4668-BE54-9A1E7A4F7556}") = "DataGuardian.Server", "DataGuardian.Server\DataGuardian.Server.csproj", "{96663761-BB9D-4F68-94E9-1B619BC89C6F}"
EndProject
Project("{2150E333-8FDC-42A3-9474-1A3956D46DE8}") = "Client", "Client", "{E9888041-AF43-41B1-ADE5-140876F4AF50}"
EndProject
Project("{9A19103F-16F7-4668-BE54-9A1E7A4F7556}") = "DataGuardian.Dropbox", "DataGuardian.Dropbox\DataGuardian.Dropbox.csproj", "{AD8D2D67-2013-4508-A1C3-33006CC65B0D}"
EndProject
Project("{930C7802-8A8C-48F9-8165-68863BCCD9DD}") = "DataGuardian.ClientInstaller", "DataGuardian.ClientInstaller\DataGuardian.ClientInstaller.wixproj", "{579A2DC4-5136-4D55-A8D4-A7C0EB4351F8}"
EndProject
Project("{FAE04EC0-301F-11D3-BF4B-00C04F79EFBC}") = "DataGuardian", "DataGuardian\DataGuardian.csproj", "{FC0D11A3-032D-4269-8B93-7DAB6DA31A23}"
EndProject
Project("{FAE04EC0-301F-11D3-BF4B-00C04F79EFBC}") = "DataGuardian.Plugins", "DataGuardian.Plugins\DataGuardian.Plugins.csproj", "{213B5527-9F39-43CD-A49A-93B1C4E8E8CC}"
EndProject
Project("{FAE04EC0-301F-11D3-BF4B-00C04F79EFBC}") = "DataGuardian.Console", "DataGuardian.Console\DataGuardian.Console.csproj", "{7F25F945-9556-4EA7-8971-B56C32947C6D}"
EndProject
Project("{FAE04EC0-301F-11D3-BF4B-00C04F79EFBC}") = "DataGuardian.GUI", "DataGuardian.GUI\DataGuardian.GUI.csproj", "{C93363CE-CA24-4385-AAB8-8A74ED3E99A7}"
EndProject
Project("{FAE04EC0-301F-11D3-BF4B-00C04F79EFBC}") = "DataGuardian.Tests", "DataGuardian.Tests\DataGuardian.Tests.csproj", "{0A94EF83-3B1A-46F7-B5D1-7FCE9D7C930A}"
EndProject
Project("{FAE04EC0-301F-11D3-BF4B-00C04F79EFBC}") = "DataGuardian.LocalServer", "DataGuardian.LocalServer\DataGuardian.LocalServer.csproj", "{85645656-4709-497F-A065-13CE8E19EFAC}"
EndProject
Global
	GlobalSection(SolutionConfigurationPlatforms) = preSolution
		Debug|Any CPU = Debug|Any CPU
		Debug|x86 = Debug|x86
		Release|Any CPU = Release|Any CPU
		Release|x86 = Release|x86
	EndGlobalSection
	GlobalSection(ProjectConfigurationPlatforms) = postSolution
		{D2DA3EA8-33DA-4F95-AACF-79F65320ED9F}.Debug|Any CPU.ActiveCfg = Debug|Any CPU
		{D2DA3EA8-33DA-4F95-AACF-79F65320ED9F}.Debug|Any CPU.Build.0 = Debug|Any CPU
		{D2DA3EA8-33DA-4F95-AACF-79F65320ED9F}.Debug|x86.ActiveCfg = Debug|Any CPU
		{D2DA3EA8-33DA-4F95-AACF-79F65320ED9F}.Debug|x86.Build.0 = Debug|Any CPU
		{D2DA3EA8-33DA-4F95-AACF-79F65320ED9F}.Release|Any CPU.ActiveCfg = Release|Any CPU
		{D2DA3EA8-33DA-4F95-AACF-79F65320ED9F}.Release|Any CPU.Build.0 = Release|Any CPU
		{D2DA3EA8-33DA-4F95-AACF-79F65320ED9F}.Release|x86.ActiveCfg = Release|Any CPU
		{D2DA3EA8-33DA-4F95-AACF-79F65320ED9F}.Release|x86.Build.0 = Release|Any CPU
		{96663761-BB9D-4F68-94E9-1B619BC89C6F}.Debug|Any CPU.ActiveCfg = Debug|Any CPU
		{96663761-BB9D-4F68-94E9-1B619BC89C6F}.Debug|Any CPU.Build.0 = Debug|Any CPU
		{96663761-BB9D-4F68-94E9-1B619BC89C6F}.Debug|x86.ActiveCfg = Debug|Any CPU
		{96663761-BB9D-4F68-94E9-1B619BC89C6F}.Debug|x86.Build.0 = Debug|Any CPU
		{96663761-BB9D-4F68-94E9-1B619BC89C6F}.Release|Any CPU.ActiveCfg = Release|Any CPU
		{96663761-BB9D-4F68-94E9-1B619BC89C6F}.Release|Any CPU.Build.0 = Release|Any CPU
		{96663761-BB9D-4F68-94E9-1B619BC89C6F}.Release|x86.ActiveCfg = Release|Any CPU
		{96663761-BB9D-4F68-94E9-1B619BC89C6F}.Release|x86.Build.0 = Release|Any CPU
		{AD8D2D67-2013-4508-A1C3-33006CC65B0D}.Debug|Any CPU.ActiveCfg = Debug|Any CPU
		{AD8D2D67-2013-4508-A1C3-33006CC65B0D}.Debug|Any CPU.Build.0 = Debug|Any CPU
		{AD8D2D67-2013-4508-A1C3-33006CC65B0D}.Debug|x86.ActiveCfg = Debug|Any CPU
		{AD8D2D67-2013-4508-A1C3-33006CC65B0D}.Debug|x86.Build.0 = Debug|Any CPU
		{AD8D2D67-2013-4508-A1C3-33006CC65B0D}.Release|Any CPU.ActiveCfg = Release|Any CPU
		{AD8D2D67-2013-4508-A1C3-33006CC65B0D}.Release|Any CPU.Build.0 = Release|Any CPU
		{AD8D2D67-2013-4508-A1C3-33006CC65B0D}.Release|x86.ActiveCfg = Release|Any CPU
		{AD8D2D67-2013-4508-A1C3-33006CC65B0D}.Release|x86.Build.0 = Release|Any CPU
		{579A2DC4-5136-4D55-A8D4-A7C0EB4351F8}.Debug|Any CPU.ActiveCfg = Debug|x86
		{579A2DC4-5136-4D55-A8D4-A7C0EB4351F8}.Debug|x86.ActiveCfg = Debug|x86
		{579A2DC4-5136-4D55-A8D4-A7C0EB4351F8}.Debug|x86.Build.0 = Debug|x86
		{579A2DC4-5136-4D55-A8D4-A7C0EB4351F8}.Release|Any CPU.ActiveCfg = Release|x86
		{579A2DC4-5136-4D55-A8D4-A7C0EB4351F8}.Release|x86.ActiveCfg = Release|x86
		{579A2DC4-5136-4D55-A8D4-A7C0EB4351F8}.Release|x86.Build.0 = Release|x86
		{FC0D11A3-032D-4269-8B93-7DAB6DA31A23}.Debug|Any CPU.ActiveCfg = Debug|Any CPU
		{FC0D11A3-032D-4269-8B93-7DAB6DA31A23}.Debug|Any CPU.Build.0 = Debug|Any CPU
		{FC0D11A3-032D-4269-8B93-7DAB6DA31A23}.Debug|x86.ActiveCfg = Debug|Any CPU
		{FC0D11A3-032D-4269-8B93-7DAB6DA31A23}.Debug|x86.Build.0 = Debug|Any CPU
		{FC0D11A3-032D-4269-8B93-7DAB6DA31A23}.Release|Any CPU.ActiveCfg = Release|Any CPU
		{FC0D11A3-032D-4269-8B93-7DAB6DA31A23}.Release|Any CPU.Build.0 = Release|Any CPU
		{FC0D11A3-032D-4269-8B93-7DAB6DA31A23}.Release|x86.ActiveCfg = Release|Any CPU
		{FC0D11A3-032D-4269-8B93-7DAB6DA31A23}.Release|x86.Build.0 = Release|Any CPU
		{213B5527-9F39-43CD-A49A-93B1C4E8E8CC}.Debug|Any CPU.ActiveCfg = Debug|Any CPU
		{213B5527-9F39-43CD-A49A-93B1C4E8E8CC}.Debug|Any CPU.Build.0 = Debug|Any CPU
		{213B5527-9F39-43CD-A49A-93B1C4E8E8CC}.Debug|x86.ActiveCfg = Debug|Any CPU
		{213B5527-9F39-43CD-A49A-93B1C4E8E8CC}.Debug|x86.Build.0 = Debug|Any CPU
		{213B5527-9F39-43CD-A49A-93B1C4E8E8CC}.Release|Any CPU.ActiveCfg = Release|Any CPU
		{213B5527-9F39-43CD-A49A-93B1C4E8E8CC}.Release|Any CPU.Build.0 = Release|Any CPU
		{213B5527-9F39-43CD-A49A-93B1C4E8E8CC}.Release|x86.ActiveCfg = Release|Any CPU
		{213B5527-9F39-43CD-A49A-93B1C4E8E8CC}.Release|x86.Build.0 = Release|Any CPU
		{7F25F945-9556-4EA7-8971-B56C32947C6D}.Debug|Any CPU.ActiveCfg = Debug|Any CPU
		{7F25F945-9556-4EA7-8971-B56C32947C6D}.Debug|Any CPU.Build.0 = Debug|Any CPU
		{7F25F945-9556-4EA7-8971-B56C32947C6D}.Debug|x86.ActiveCfg = Debug|Any CPU
		{7F25F945-9556-4EA7-8971-B56C32947C6D}.Debug|x86.Build.0 = Debug|Any CPU
		{7F25F945-9556-4EA7-8971-B56C32947C6D}.Release|Any CPU.ActiveCfg = Release|Any CPU
		{7F25F945-9556-4EA7-8971-B56C32947C6D}.Release|Any CPU.Build.0 = Release|Any CPU
		{7F25F945-9556-4EA7-8971-B56C32947C6D}.Release|x86.ActiveCfg = Release|Any CPU
		{7F25F945-9556-4EA7-8971-B56C32947C6D}.Release|x86.Build.0 = Release|Any CPU
		{C93363CE-CA24-4385-AAB8-8A74ED3E99A7}.Debug|Any CPU.ActiveCfg = Debug|Any CPU
		{C93363CE-CA24-4385-AAB8-8A74ED3E99A7}.Debug|Any CPU.Build.0 = Debug|Any CPU
		{C93363CE-CA24-4385-AAB8-8A74ED3E99A7}.Debug|x86.ActiveCfg = Debug|Any CPU
		{C93363CE-CA24-4385-AAB8-8A74ED3E99A7}.Debug|x86.Build.0 = Debug|Any CPU
		{C93363CE-CA24-4385-AAB8-8A74ED3E99A7}.Release|Any CPU.ActiveCfg = Release|Any CPU
		{C93363CE-CA24-4385-AAB8-8A74ED3E99A7}.Release|Any CPU.Build.0 = Release|Any CPU
		{C93363CE-CA24-4385-AAB8-8A74ED3E99A7}.Release|x86.ActiveCfg = Release|Any CPU
		{C93363CE-CA24-4385-AAB8-8A74ED3E99A7}.Release|x86.Build.0 = Release|Any CPU
		{0A94EF83-3B1A-46F7-B5D1-7FCE9D7C930A}.Debug|Any CPU.ActiveCfg = Debug|Any CPU
		{0A94EF83-3B1A-46F7-B5D1-7FCE9D7C930A}.Debug|Any CPU.Build.0 = Debug|Any CPU
		{0A94EF83-3B1A-46F7-B5D1-7FCE9D7C930A}.Debug|x86.ActiveCfg = Debug|Any CPU
		{0A94EF83-3B1A-46F7-B5D1-7FCE9D7C930A}.Debug|x86.Build.0 = Debug|Any CPU
		{0A94EF83-3B1A-46F7-B5D1-7FCE9D7C930A}.Release|Any CPU.ActiveCfg = Release|Any CPU
		{0A94EF83-3B1A-46F7-B5D1-7FCE9D7C930A}.Release|Any CPU.Build.0 = Release|Any CPU
		{0A94EF83-3B1A-46F7-B5D1-7FCE9D7C930A}.Release|x86.ActiveCfg = Release|Any CPU
		{0A94EF83-3B1A-46F7-B5D1-7FCE9D7C930A}.Release|x86.Build.0 = Release|Any CPU
		{85645656-4709-497F-A065-13CE8E19EFAC}.Debug|Any CPU.ActiveCfg = Debug|Any CPU
		{85645656-4709-497F-A065-13CE8E19EFAC}.Debug|Any CPU.Build.0 = Debug|Any CPU
		{85645656-4709-497F-A065-13CE8E19EFAC}.Debug|x86.ActiveCfg = Debug|Any CPU
		{85645656-4709-497F-A065-13CE8E19EFAC}.Debug|x86.Build.0 = Debug|Any CPU
		{85645656-4709-497F-A065-13CE8E19EFAC}.Release|Any CPU.ActiveCfg = Release|Any CPU
		{85645656-4709-497F-A065-13CE8E19EFAC}.Release|Any CPU.Build.0 = Release|Any CPU
		{85645656-4709-497F-A065-13CE8E19EFAC}.Release|x86.ActiveCfg = Release|Any CPU
		{85645656-4709-497F-A065-13CE8E19EFAC}.Release|x86.Build.0 = Release|Any CPU
	EndGlobalSection
	GlobalSection(SolutionProperties) = preSolution
		HideSolutionNode = FALSE
	EndGlobalSection
	GlobalSection(NestedProjects) = preSolution
		{F1D95C30-A4D8-4078-AAB1-9EC6AE65F68B} = {E9888041-AF43-41B1-ADE5-140876F4AF50}
		{D2DA3EA8-33DA-4F95-AACF-79F65320ED9F} = {F1D95C30-A4D8-4078-AAB1-9EC6AE65F68B}
		{96663761-BB9D-4F68-94E9-1B619BC89C6F} = {89B63B40-A459-4032-8776-598F7E411A95}
		{AD8D2D67-2013-4508-A1C3-33006CC65B0D} = {F1D95C30-A4D8-4078-AAB1-9EC6AE65F68B}
		{579A2DC4-5136-4D55-A8D4-A7C0EB4351F8} = {E9888041-AF43-41B1-ADE5-140876F4AF50}
		{FC0D11A3-032D-4269-8B93-7DAB6DA31A23} = {E9888041-AF43-41B1-ADE5-140876F4AF50}
		{213B5527-9F39-43CD-A49A-93B1C4E8E8CC} = {0343C56F-6BB8-4F76-8E63-C5CCAF1C8DF8}
		{7F25F945-9556-4EA7-8971-B56C32947C6D} = {E9888041-AF43-41B1-ADE5-140876F4AF50}
		{C93363CE-CA24-4385-AAB8-8A74ED3E99A7} = {F1D95C30-A4D8-4078-AAB1-9EC6AE65F68B}
		{0A94EF83-3B1A-46F7-B5D1-7FCE9D7C930A} = {E9888041-AF43-41B1-ADE5-140876F4AF50}
		{85645656-4709-497F-A065-13CE8E19EFAC} = {F1D95C30-A4D8-4078-AAB1-9EC6AE65F68B}
	EndGlobalSection
	GlobalSection(ExtensibilityGlobals) = postSolution
		SolutionGuid = {04EE51AD-4728-45BE-9DE6-7B21E3118740}
	EndGlobalSection
EndGlobal
