
Microsoft Visual Studio Solution File, Format Version 12.00
# Visual Studio Version 16
VisualStudioVersion = 16.0.28917.181
MinimumVisualStudioVersion = 10.0.40219.1
Project("{2150E333-8FDC-42A3-9474-1A3956D46DE8}") = "Providers", "Providers", "{F1D95C30-A4D8-4078-AAB1-9EC6AE65F68B}"
EndProject
Project("{2150E333-8FDC-42A3-9474-1A3956D46DE8}") = "Helper", "Helper", "{0343C56F-6BB8-4F76-8E63-C5CCAF1C8DF8}"
EndProject
Project("{9A19103F-16F7-4668-BE54-9A1E7A4F7556}") = "NigthKeeper", "NigthKeeper\NigthKeeper.csproj", "{1EDAA6C6-5FA5-438F-A787-9C9469E36D2E}"
EndProject
Project("{9A19103F-16F7-4668-BE54-9A1E7A4F7556}") = "NightKeeper.GoogleDrive", "NightKeeper.GoogleDrive\NightKeeper.GoogleDrive.csproj", "{D2DA3EA8-33DA-4F95-AACF-79F65320ED9F}"
EndProject
Project("{9A19103F-16F7-4668-BE54-9A1E7A4F7556}") = "NightKeeper.ConsoleClient", "NightKeeper.ConsoleClient\NightKeeper.ConsoleClient.csproj", "{A8E184A8-AA84-4A3D-89CE-12EA0D1071A4}"
EndProject
Project("{2150E333-8FDC-42A3-9474-1A3956D46DE8}") = "Server", "Server", "{89B63B40-A459-4032-8776-598F7E411A95}"
EndProject
Project("{9A19103F-16F7-4668-BE54-9A1E7A4F7556}") = "NightKeeper.Server", "NightKeeper.Server\NightKeeper.Server.csproj", "{96663761-BB9D-4F68-94E9-1B619BC89C6F}"
EndProject
Project("{2150E333-8FDC-42A3-9474-1A3956D46DE8}") = "Client", "Client", "{E9888041-AF43-41B1-ADE5-140876F4AF50}"
EndProject
Project("{9A19103F-16F7-4668-BE54-9A1E7A4F7556}") = "NightKeeper.Helper", "NightKeeper.Helper\NightKeeper.Helper.csproj", "{EB60A90D-B304-4757-BE7C-44E6C892B312}"
EndProject
Project("{9A19103F-16F7-4668-BE54-9A1E7A4F7556}") = "NightKeeper.Dropbox", "NightKeeper.Dropbox\NightKeeper.Dropbox.csproj", "{AD8D2D67-2013-4508-A1C3-33006CC65B0D}"
EndProject
Project("{9A19103F-16F7-4668-BE54-9A1E7A4F7556}") = "NightKeeper.PrivateServer", "NightKeeper.PrivateServer\NightKeeper.PrivateServer.csproj", "{7BE10033-4BC1-4819-AF56-02731A06DB7D}"
EndProject
Project("{930C7802-8A8C-48F9-8165-68863BCCD9DD}") = "NightKeeper.ClientInstaller", "NightKeeper.ClientInstaller\NightKeeper.ClientInstaller.wixproj", "{579A2DC4-5136-4D55-A8D4-A7C0EB4351F8}"
EndProject
Global
	GlobalSection(SolutionConfigurationPlatforms) = preSolution
		Debug|Any CPU = Debug|Any CPU
		Debug|x86 = Debug|x86
		Release|Any CPU = Release|Any CPU
		Release|x86 = Release|x86
	EndGlobalSection
	GlobalSection(ProjectConfigurationPlatforms) = postSolution
		{1EDAA6C6-5FA5-438F-A787-9C9469E36D2E}.Debug|Any CPU.ActiveCfg = Debug|Any CPU
		{1EDAA6C6-5FA5-438F-A787-9C9469E36D2E}.Debug|Any CPU.Build.0 = Debug|Any CPU
		{1EDAA6C6-5FA5-438F-A787-9C9469E36D2E}.Debug|x86.ActiveCfg = Debug|Any CPU
		{1EDAA6C6-5FA5-438F-A787-9C9469E36D2E}.Debug|x86.Build.0 = Debug|Any CPU
		{1EDAA6C6-5FA5-438F-A787-9C9469E36D2E}.Release|Any CPU.ActiveCfg = Release|Any CPU
		{1EDAA6C6-5FA5-438F-A787-9C9469E36D2E}.Release|Any CPU.Build.0 = Release|Any CPU
		{1EDAA6C6-5FA5-438F-A787-9C9469E36D2E}.Release|x86.ActiveCfg = Release|Any CPU
		{1EDAA6C6-5FA5-438F-A787-9C9469E36D2E}.Release|x86.Build.0 = Release|Any CPU
		{D2DA3EA8-33DA-4F95-AACF-79F65320ED9F}.Debug|Any CPU.ActiveCfg = Debug|Any CPU
		{D2DA3EA8-33DA-4F95-AACF-79F65320ED9F}.Debug|Any CPU.Build.0 = Debug|Any CPU
		{D2DA3EA8-33DA-4F95-AACF-79F65320ED9F}.Debug|x86.ActiveCfg = Debug|Any CPU
		{D2DA3EA8-33DA-4F95-AACF-79F65320ED9F}.Debug|x86.Build.0 = Debug|Any CPU
		{D2DA3EA8-33DA-4F95-AACF-79F65320ED9F}.Release|Any CPU.ActiveCfg = Release|Any CPU
		{D2DA3EA8-33DA-4F95-AACF-79F65320ED9F}.Release|Any CPU.Build.0 = Release|Any CPU
		{D2DA3EA8-33DA-4F95-AACF-79F65320ED9F}.Release|x86.ActiveCfg = Release|Any CPU
		{D2DA3EA8-33DA-4F95-AACF-79F65320ED9F}.Release|x86.Build.0 = Release|Any CPU
		{A8E184A8-AA84-4A3D-89CE-12EA0D1071A4}.Debug|Any CPU.ActiveCfg = Debug|Any CPU
		{A8E184A8-AA84-4A3D-89CE-12EA0D1071A4}.Debug|Any CPU.Build.0 = Debug|Any CPU
		{A8E184A8-AA84-4A3D-89CE-12EA0D1071A4}.Debug|x86.ActiveCfg = Debug|Any CPU
		{A8E184A8-AA84-4A3D-89CE-12EA0D1071A4}.Debug|x86.Build.0 = Debug|Any CPU
		{A8E184A8-AA84-4A3D-89CE-12EA0D1071A4}.Release|Any CPU.ActiveCfg = Release|Any CPU
		{A8E184A8-AA84-4A3D-89CE-12EA0D1071A4}.Release|Any CPU.Build.0 = Release|Any CPU
		{A8E184A8-AA84-4A3D-89CE-12EA0D1071A4}.Release|x86.ActiveCfg = Release|Any CPU
		{A8E184A8-AA84-4A3D-89CE-12EA0D1071A4}.Release|x86.Build.0 = Release|Any CPU
		{96663761-BB9D-4F68-94E9-1B619BC89C6F}.Debug|Any CPU.ActiveCfg = Debug|Any CPU
		{96663761-BB9D-4F68-94E9-1B619BC89C6F}.Debug|Any CPU.Build.0 = Debug|Any CPU
		{96663761-BB9D-4F68-94E9-1B619BC89C6F}.Debug|x86.ActiveCfg = Debug|Any CPU
		{96663761-BB9D-4F68-94E9-1B619BC89C6F}.Debug|x86.Build.0 = Debug|Any CPU
		{96663761-BB9D-4F68-94E9-1B619BC89C6F}.Release|Any CPU.ActiveCfg = Release|Any CPU
		{96663761-BB9D-4F68-94E9-1B619BC89C6F}.Release|Any CPU.Build.0 = Release|Any CPU
		{96663761-BB9D-4F68-94E9-1B619BC89C6F}.Release|x86.ActiveCfg = Release|Any CPU
		{96663761-BB9D-4F68-94E9-1B619BC89C6F}.Release|x86.Build.0 = Release|Any CPU
		{EB60A90D-B304-4757-BE7C-44E6C892B312}.Debug|Any CPU.ActiveCfg = Debug|Any CPU
		{EB60A90D-B304-4757-BE7C-44E6C892B312}.Debug|Any CPU.Build.0 = Debug|Any CPU
		{EB60A90D-B304-4757-BE7C-44E6C892B312}.Debug|x86.ActiveCfg = Debug|Any CPU
		{EB60A90D-B304-4757-BE7C-44E6C892B312}.Debug|x86.Build.0 = Debug|Any CPU
		{EB60A90D-B304-4757-BE7C-44E6C892B312}.Release|Any CPU.ActiveCfg = Release|Any CPU
		{EB60A90D-B304-4757-BE7C-44E6C892B312}.Release|Any CPU.Build.0 = Release|Any CPU
		{EB60A90D-B304-4757-BE7C-44E6C892B312}.Release|x86.ActiveCfg = Release|Any CPU
		{EB60A90D-B304-4757-BE7C-44E6C892B312}.Release|x86.Build.0 = Release|Any CPU
		{AD8D2D67-2013-4508-A1C3-33006CC65B0D}.Debug|Any CPU.ActiveCfg = Debug|Any CPU
		{AD8D2D67-2013-4508-A1C3-33006CC65B0D}.Debug|Any CPU.Build.0 = Debug|Any CPU
		{AD8D2D67-2013-4508-A1C3-33006CC65B0D}.Debug|x86.ActiveCfg = Debug|Any CPU
		{AD8D2D67-2013-4508-A1C3-33006CC65B0D}.Debug|x86.Build.0 = Debug|Any CPU
		{AD8D2D67-2013-4508-A1C3-33006CC65B0D}.Release|Any CPU.ActiveCfg = Release|Any CPU
		{AD8D2D67-2013-4508-A1C3-33006CC65B0D}.Release|Any CPU.Build.0 = Release|Any CPU
		{AD8D2D67-2013-4508-A1C3-33006CC65B0D}.Release|x86.ActiveCfg = Release|Any CPU
		{AD8D2D67-2013-4508-A1C3-33006CC65B0D}.Release|x86.Build.0 = Release|Any CPU
		{7BE10033-4BC1-4819-AF56-02731A06DB7D}.Debug|Any CPU.ActiveCfg = Debug|Any CPU
		{7BE10033-4BC1-4819-AF56-02731A06DB7D}.Debug|Any CPU.Build.0 = Debug|Any CPU
		{7BE10033-4BC1-4819-AF56-02731A06DB7D}.Debug|x86.ActiveCfg = Debug|Any CPU
		{7BE10033-4BC1-4819-AF56-02731A06DB7D}.Debug|x86.Build.0 = Debug|Any CPU
		{7BE10033-4BC1-4819-AF56-02731A06DB7D}.Release|Any CPU.ActiveCfg = Release|Any CPU
		{7BE10033-4BC1-4819-AF56-02731A06DB7D}.Release|Any CPU.Build.0 = Release|Any CPU
		{7BE10033-4BC1-4819-AF56-02731A06DB7D}.Release|x86.ActiveCfg = Release|Any CPU
		{7BE10033-4BC1-4819-AF56-02731A06DB7D}.Release|x86.Build.0 = Release|Any CPU
		{579A2DC4-5136-4D55-A8D4-A7C0EB4351F8}.Debug|Any CPU.ActiveCfg = Debug|x86
		{579A2DC4-5136-4D55-A8D4-A7C0EB4351F8}.Debug|x86.ActiveCfg = Debug|x86
		{579A2DC4-5136-4D55-A8D4-A7C0EB4351F8}.Debug|x86.Build.0 = Debug|x86
		{579A2DC4-5136-4D55-A8D4-A7C0EB4351F8}.Release|Any CPU.ActiveCfg = Release|x86
		{579A2DC4-5136-4D55-A8D4-A7C0EB4351F8}.Release|x86.ActiveCfg = Release|x86
		{579A2DC4-5136-4D55-A8D4-A7C0EB4351F8}.Release|x86.Build.0 = Release|x86
	EndGlobalSection
	GlobalSection(SolutionProperties) = preSolution
		HideSolutionNode = FALSE
	EndGlobalSection
	GlobalSection(NestedProjects) = preSolution
		{1EDAA6C6-5FA5-438F-A787-9C9469E36D2E} = {E9888041-AF43-41B1-ADE5-140876F4AF50}
		{D2DA3EA8-33DA-4F95-AACF-79F65320ED9F} = {F1D95C30-A4D8-4078-AAB1-9EC6AE65F68B}
		{A8E184A8-AA84-4A3D-89CE-12EA0D1071A4} = {E9888041-AF43-41B1-ADE5-140876F4AF50}
		{96663761-BB9D-4F68-94E9-1B619BC89C6F} = {89B63B40-A459-4032-8776-598F7E411A95}
		{EB60A90D-B304-4757-BE7C-44E6C892B312} = {0343C56F-6BB8-4F76-8E63-C5CCAF1C8DF8}
		{AD8D2D67-2013-4508-A1C3-33006CC65B0D} = {F1D95C30-A4D8-4078-AAB1-9EC6AE65F68B}
		{7BE10033-4BC1-4819-AF56-02731A06DB7D} = {F1D95C30-A4D8-4078-AAB1-9EC6AE65F68B}
		{579A2DC4-5136-4D55-A8D4-A7C0EB4351F8} = {E9888041-AF43-41B1-ADE5-140876F4AF50}
	EndGlobalSection
	GlobalSection(ExtensibilityGlobals) = postSolution
		SolutionGuid = {04EE51AD-4728-45BE-9DE6-7B21E3118740}
	EndGlobalSection
EndGlobal
